
Microsoft Visual Studio Solution File, Format Version 12.00
# Visual Studio 15
VisualStudioVersion = 15.0.28307.539
MinimumVisualStudioVersion = 10.0.40219.1
Project("{8BC9CEB8-8B4A-11D0-8D11-00A0C91BC942}") = "ESPHackingTest", "ESPHackingTest\ESPHackingTest.vcxproj", "{B0079A1C-2101-4E94-AD1D-9CBFF864D546}"
EndProject
Global
	GlobalSection(SolutionConfigurationPlatforms) = preSolution
		Debug|x64 = Debug|x64
		Debug|x86 = Debug|x86
		Release|x64 = Release|x64
		Release|x86 = Release|x86
	EndGlobalSection
	GlobalSection(ProjectConfigurationPlatforms) = postSolution
		{B0079A1C-2101-4E94-AD1D-9CBFF864D546}.Debug|x64.ActiveCfg = Debug|x64
		{B0079A1C-2101-4E94-AD1D-9CBFF864D546}.Debug|x64.Build.0 = Debug|x64
		{B0079A1C-2101-4E94-AD1D-9CBFF864D546}.Debug|x86.ActiveCfg = Debug|Win32
		{B0079A1C-2101-4E94-AD1D-9CBFF864D546}.Debug|x86.Build.0 = Debug|Win32
		{B0079A1C-2101-4E94-AD1D-9CBFF864D546}.Release|x64.ActiveCfg = Release|x64
		{B0079A1C-2101-4E94-AD1D-9CBFF864D546}.Release|x64.Build.0 = Release|x64
		{B0079A1C-2101-4E94-AD1D-9CBFF864D546}.Release|x86.ActiveCfg = Release|Win32
		{B0079A1C-2101-4E94-AD1D-9CBFF864D546}.Release|x86.Build.0 = Release|Win32
	EndGlobalSection
	GlobalSection(SolutionProperties) = preSolution
		HideSolutionNode = FALSE
	EndGlobalSection
	GlobalSection(ExtensibilityGlobals) = postSolution
		SolutionGuid = {6FE3EAAC-280E-4B77-A918-6F7E4C6A3339}
	EndGlobalSection
EndGlobal
